
Microsoft Visual Studio Solution File, Format Version 12.00
# Visual Studio 15
VisualStudioVersion = 15.0.27130.2026
MinimumVisualStudioVersion = 10.0.40219.1
Project("{8BC9CEB8-8B4A-11D0-8D11-00A0C91BC942}") = "CheckIn", "CheckIn\CheckIn.vcxproj", "{66CDFF76-A895-4543-B174-AD6ACBA33352}"
EndProject
Project("{8BC9CEB8-8B4A-11D0-8D11-00A0C91BC942}") = "DateTime", "..\NoSqlDb\DateTime\DateTime.vcxproj", "{C1E1F450-B7E1-4796-84D5-7D3C831DFF68}"
EndProject
Project("{8BC9CEB8-8B4A-11D0-8D11-00A0C91BC942}") = "DbCore", "..\NoSqlDb\DbCore\DbCore.vcxproj", "{9EDDB1B5-90E6-4D4F-8B3B-DBA3E3FFDB7A}"
EndProject
Project("{8BC9CEB8-8B4A-11D0-8D11-00A0C91BC942}") = "PayLoad", "..\NoSqlDb\PayLoad\PayLoad.vcxproj", "{CDEF5B56-A678-444B-A782-F85F542C33BC}"
EndProject
Project("{8BC9CEB8-8B4A-11D0-8D11-00A0C91BC942}") = "FileSystem", "..\FileSystem-Windows\FileSystemDemo\FileSystemDemo.vcxproj", "{EF4A3188-CA93-45A2-AB52-7548669E3AA8}"
EndProject
Project("{8BC9CEB8-8B4A-11D0-8D11-00A0C91BC942}") = "XmlDocument", "..\NoSqlDb\XmlDocument\XmlDocument\XmlDocument.vcxproj", "{0A82ECDC-7520-453A-8F2C-D813FEEE7537}"
EndProject
Project("{8BC9CEB8-8B4A-11D0-8D11-00A0C91BC942}") = "Version", "Version\Version.vcxproj", "{A41219BC-819E-4EB3-A1B4-99BDA83063B4}"
EndProject
Project("{8BC9CEB8-8B4A-11D0-8D11-00A0C91BC942}") = "Query", "..\NoSqlDb\Query\Query.vcxproj", "{95752F9E-1DB5-4AAB-9F36-F984DF608F26}"
EndProject
Project("{8BC9CEB8-8B4A-11D0-8D11-00A0C91BC942}") = "CheckOut", "CheckOut\CheckOut.vcxproj", "{25BC7689-CEA2-4D25-A772-AAD63E0060E3}"
EndProject
Project("{8BC9CEB8-8B4A-11D0-8D11-00A0C91BC942}") = "Browse", "Browse\Browse.vcxproj", "{D4F70F3E-C227-43D3-9DD4-1D525BEFED3A}"
EndProject
Global
	GlobalSection(SolutionConfigurationPlatforms) = preSolution
		Debug|x64 = Debug|x64
		Debug|x86 = Debug|x86
		Release|x64 = Release|x64
		Release|x86 = Release|x86
	EndGlobalSection
	GlobalSection(ProjectConfigurationPlatforms) = postSolution
		{66CDFF76-A895-4543-B174-AD6ACBA33352}.Debug|x64.ActiveCfg = Debug|x64
		{66CDFF76-A895-4543-B174-AD6ACBA33352}.Debug|x64.Build.0 = Debug|x64
		{66CDFF76-A895-4543-B174-AD6ACBA33352}.Debug|x86.ActiveCfg = Debug|Win32
		{66CDFF76-A895-4543-B174-AD6ACBA33352}.Debug|x86.Build.0 = Debug|Win32
		{66CDFF76-A895-4543-B174-AD6ACBA33352}.Release|x64.ActiveCfg = Release|x64
		{66CDFF76-A895-4543-B174-AD6ACBA33352}.Release|x64.Build.0 = Release|x64
		{66CDFF76-A895-4543-B174-AD6ACBA33352}.Release|x86.ActiveCfg = Release|Win32
		{66CDFF76-A895-4543-B174-AD6ACBA33352}.Release|x86.Build.0 = Release|Win32
		{C1E1F450-B7E1-4796-84D5-7D3C831DFF68}.Debug|x64.ActiveCfg = Debug|x64
		{C1E1F450-B7E1-4796-84D5-7D3C831DFF68}.Debug|x64.Build.0 = Debug|x64
		{C1E1F450-B7E1-4796-84D5-7D3C831DFF68}.Debug|x86.ActiveCfg = Debug|Win32
		{C1E1F450-B7E1-4796-84D5-7D3C831DFF68}.Debug|x86.Build.0 = Debug|Win32
		{C1E1F450-B7E1-4796-84D5-7D3C831DFF68}.Release|x64.ActiveCfg = Release|x64
		{C1E1F450-B7E1-4796-84D5-7D3C831DFF68}.Release|x64.Build.0 = Release|x64
		{C1E1F450-B7E1-4796-84D5-7D3C831DFF68}.Release|x86.ActiveCfg = Release|Win32
		{C1E1F450-B7E1-4796-84D5-7D3C831DFF68}.Release|x86.Build.0 = Release|Win32
		{9EDDB1B5-90E6-4D4F-8B3B-DBA3E3FFDB7A}.Debug|x64.ActiveCfg = Debug|x64
		{9EDDB1B5-90E6-4D4F-8B3B-DBA3E3FFDB7A}.Debug|x64.Build.0 = Debug|x64
		{9EDDB1B5-90E6-4D4F-8B3B-DBA3E3FFDB7A}.Debug|x86.ActiveCfg = Debug|Win32
		{9EDDB1B5-90E6-4D4F-8B3B-DBA3E3FFDB7A}.Debug|x86.Build.0 = Debug|Win32
		{9EDDB1B5-90E6-4D4F-8B3B-DBA3E3FFDB7A}.Release|x64.ActiveCfg = Release|x64
		{9EDDB1B5-90E6-4D4F-8B3B-DBA3E3FFDB7A}.Release|x64.Build.0 = Release|x64
		{9EDDB1B5-90E6-4D4F-8B3B-DBA3E3FFDB7A}.Release|x86.ActiveCfg = Release|Win32
		{9EDDB1B5-90E6-4D4F-8B3B-DBA3E3FFDB7A}.Release|x86.Build.0 = Release|Win32
		{CDEF5B56-A678-444B-A782-F85F542C33BC}.Debug|x64.ActiveCfg = Debug|x64
		{CDEF5B56-A678-444B-A782-F85F542C33BC}.Debug|x64.Build.0 = Debug|x64
		{CDEF5B56-A678-444B-A782-F85F542C33BC}.Debug|x86.ActiveCfg = Debug|Win32
		{CDEF5B56-A678-444B-A782-F85F542C33BC}.Debug|x86.Build.0 = Debug|Win32
		{CDEF5B56-A678-444B-A782-F85F542C33BC}.Release|x64.ActiveCfg = Release|x64
		{CDEF5B56-A678-444B-A782-F85F542C33BC}.Release|x64.Build.0 = Release|x64
		{CDEF5B56-A678-444B-A782-F85F542C33BC}.Release|x86.ActiveCfg = Release|Win32
		{CDEF5B56-A678-444B-A782-F85F542C33BC}.Release|x86.Build.0 = Release|Win32
		{EF4A3188-CA93-45A2-AB52-7548669E3AA8}.Debug|x64.ActiveCfg = Debug|Win32
		{EF4A3188-CA93-45A2-AB52-7548669E3AA8}.Debug|x86.ActiveCfg = Debug|Win32
		{EF4A3188-CA93-45A2-AB52-7548669E3AA8}.Debug|x86.Build.0 = Debug|Win32
		{EF4A3188-CA93-45A2-AB52-7548669E3AA8}.Release|x64.ActiveCfg = Release|Win32
		{EF4A3188-CA93-45A2-AB52-7548669E3AA8}.Release|x86.ActiveCfg = Release|Win32
		{EF4A3188-CA93-45A2-AB52-7548669E3AA8}.Release|x86.Build.0 = Release|Win32
		{0A82ECDC-7520-453A-8F2C-D813FEEE7537}.Debug|x64.ActiveCfg = Debug|Win32
		{0A82ECDC-7520-453A-8F2C-D813FEEE7537}.Debug|x86.ActiveCfg = Debug|Win32
		{0A82ECDC-7520-453A-8F2C-D813FEEE7537}.Debug|x86.Build.0 = Debug|Win32
		{0A82ECDC-7520-453A-8F2C-D813FEEE7537}.Release|x64.ActiveCfg = Release|Win32
		{0A82ECDC-7520-453A-8F2C-D813FEEE7537}.Release|x86.ActiveCfg = Release|Win32
		{0A82ECDC-7520-453A-8F2C-D813FEEE7537}.Release|x86.Build.0 = Release|Win32
		{A41219BC-819E-4EB3-A1B4-99BDA83063B4}.Debug|x64.ActiveCfg = Debug|x64
		{A41219BC-819E-4EB3-A1B4-99BDA83063B4}.Debug|x64.Build.0 = Debug|x64
		{A41219BC-819E-4EB3-A1B4-99BDA83063B4}.Debug|x86.ActiveCfg = Debug|Win32
		{A41219BC-819E-4EB3-A1B4-99BDA83063B4}.Debug|x86.Build.0 = Debug|Win32
		{A41219BC-819E-4EB3-A1B4-99BDA83063B4}.Release|x64.ActiveCfg = Release|x64
		{A41219BC-819E-4EB3-A1B4-99BDA83063B4}.Release|x64.Build.0 = Release|x64
		{A41219BC-819E-4EB3-A1B4-99BDA83063B4}.Release|x86.ActiveCfg = Release|Win32
		{A41219BC-819E-4EB3-A1B4-99BDA83063B4}.Release|x86.Build.0 = Release|Win32
		{95752F9E-1DB5-4AAB-9F36-F984DF608F26}.Debug|x64.ActiveCfg = Debug|x64
		{95752F9E-1DB5-4AAB-9F36-F984DF608F26}.Debug|x64.Build.0 = Debug|x64
		{95752F9E-1DB5-4AAB-9F36-F984DF608F26}.Debug|x86.ActiveCfg = Debug|Win32
		{95752F9E-1DB5-4AAB-9F36-F984DF608F26}.Debug|x86.Build.0 = Debug|Win32
		{95752F9E-1DB5-4AAB-9F36-F984DF608F26}.Release|x64.ActiveCfg = Release|x64
		{95752F9E-1DB5-4AAB-9F36-F984DF608F26}.Release|x64.Build.0 = Release|x64
		{95752F9E-1DB5-4AAB-9F36-F984DF608F26}.Release|x86.ActiveCfg = Release|Win32
		{95752F9E-1DB5-4AAB-9F36-F984DF608F26}.Release|x86.Build.0 = Release|Win32
		{25BC7689-CEA2-4D25-A772-AAD63E0060E3}.Debug|x64.ActiveCfg = Debug|x64
		{25BC7689-CEA2-4D25-A772-AAD63E0060E3}.Debug|x64.Build.0 = Debug|x64
		{25BC7689-CEA2-4D25-A772-AAD63E0060E3}.Debug|x86.ActiveCfg = Debug|Win32
		{25BC7689-CEA2-4D25-A772-AAD63E0060E3}.Debug|x86.Build.0 = Debug|Win32
		{25BC7689-CEA2-4D25-A772-AAD63E0060E3}.Release|x64.ActiveCfg = Release|x64
		{25BC7689-CEA2-4D25-A772-AAD63E0060E3}.Release|x64.Build.0 = Release|x64
		{25BC7689-CEA2-4D25-A772-AAD63E0060E3}.Release|x86.ActiveCfg = Release|Win32
		{25BC7689-CEA2-4D25-A772-AAD63E0060E3}.Release|x86.Build.0 = Release|Win32
		{D4F70F3E-C227-43D3-9DD4-1D525BEFED3A}.Debug|x64.ActiveCfg = Debug|x64
		{D4F70F3E-C227-43D3-9DD4-1D525BEFED3A}.Debug|x64.Build.0 = Debug|x64
		{D4F70F3E-C227-43D3-9DD4-1D525BEFED3A}.Debug|x86.ActiveCfg = Debug|Win32
		{D4F70F3E-C227-43D3-9DD4-1D525BEFED3A}.Debug|x86.Build.0 = Debug|Win32
		{D4F70F3E-C227-43D3-9DD4-1D525BEFED3A}.Release|x64.ActiveCfg = Release|x64
		{D4F70F3E-C227-43D3-9DD4-1D525BEFED3A}.Release|x64.Build.0 = Release|x64
		{D4F70F3E-C227-43D3-9DD4-1D525BEFED3A}.Release|x86.ActiveCfg = Release|Win32
		{D4F70F3E-C227-43D3-9DD4-1D525BEFED3A}.Release|x86.Build.0 = Release|Win32
	EndGlobalSection
	GlobalSection(SolutionProperties) = preSolution
		HideSolutionNode = FALSE
	EndGlobalSection
	GlobalSection(ExtensibilityGlobals) = postSolution
		SolutionGuid = {E1D7CE4D-DD6B-41B3-98E1-FCE5ED90BB3B}
	EndGlobalSection
EndGlobal
